
Microsoft Visual Studio Solution File, Format Version 12.00
# Visual Studio Version 16
VisualStudioVersion = 16.0.28822.285
MinimumVisualStudioVersion = 10.0.40219.1
Project("{FAE04EC0-301F-11D3-BF4B-00C04F79EFBC}") = "Library-Back", "Library-Back\Library-Back.csproj", "{5C052136-172E-4CEF-B714-E857B39361E8}"
EndProject
Project("{FAE04EC0-301F-11D3-BF4B-00C04F79EFBC}") = "Library-Back.Core", "Library-Back.Core\Library-Back.Core.csproj", "{5E3D37DE-C941-4BD9-B238-EE9B82D3A1B2}"
EndProject
Global
	GlobalSection(SolutionConfigurationPlatforms) = preSolution
		Debug|Any CPU = Debug|Any CPU
		Release|Any CPU = Release|Any CPU
	EndGlobalSection
	GlobalSection(ProjectConfigurationPlatforms) = postSolution
		{5C052136-172E-4CEF-B714-E857B39361E8}.Debug|Any CPU.ActiveCfg = Debug|Any CPU
		{5C052136-172E-4CEF-B714-E857B39361E8}.Debug|Any CPU.Build.0 = Debug|Any CPU
		{5C052136-172E-4CEF-B714-E857B39361E8}.Release|Any CPU.ActiveCfg = Release|Any CPU
		{5C052136-172E-4CEF-B714-E857B39361E8}.Release|Any CPU.Build.0 = Release|Any CPU
		{5E3D37DE-C941-4BD9-B238-EE9B82D3A1B2}.Debug|Any CPU.ActiveCfg = Debug|Any CPU
		{5E3D37DE-C941-4BD9-B238-EE9B82D3A1B2}.Debug|Any CPU.Build.0 = Debug|Any CPU
		{5E3D37DE-C941-4BD9-B238-EE9B82D3A1B2}.Release|Any CPU.ActiveCfg = Release|Any CPU
		{5E3D37DE-C941-4BD9-B238-EE9B82D3A1B2}.Release|Any CPU.Build.0 = Release|Any CPU
	EndGlobalSection
	GlobalSection(SolutionProperties) = preSolution
		HideSolutionNode = FALSE
	EndGlobalSection
	GlobalSection(ExtensibilityGlobals) = postSolution
		SolutionGuid = {B67AA452-3CAA-4BD4-A7F2-B7DD0E31B04C}
	EndGlobalSection
EndGlobal
